
Microsoft Visual Studio Solution File, Format Version 12.00
# Visual Studio Version 16
VisualStudioVersion = 16.0.29411.108
MinimumVisualStudioVersion = 10.0.40219.1
Project("{9A19103F-16F7-4668-BE54-9A1E7A4F7556}") = "coreapi1", "coreapi1\coreapi1.csproj", "{269795CA-0E5E-4682-B828-69E2978878F7}"
EndProject
Project("{FAE04EC0-301F-11D3-BF4B-00C04F79EFBC}") = "rabbitmqsend", "rabbitmqsend\rabbitmqsend.csproj", "{94F59250-CC59-4D15-B918-782A40C466D7}"
EndProject
Project("{FAE04EC0-301F-11D3-BF4B-00C04F79EFBC}") = "rabbitmqget", "rabbitmqget\rabbitmqget.csproj", "{CC135267-6673-4BDD-88DB-5F43DD9EB76A}"
EndProject
Project("{FAE04EC0-301F-11D3-BF4B-00C04F79EFBC}") = "apiservice1", "apiservice1\apiservice1.csproj", "{B03E6502-FD8E-4C70-A101-A2C42E2219A7}"
EndProject
Global
	GlobalSection(SolutionConfigurationPlatforms) = preSolution
		Debug|Any CPU = Debug|Any CPU
		Release|Any CPU = Release|Any CPU
	EndGlobalSection
	GlobalSection(ProjectConfigurationPlatforms) = postSolution
		{269795CA-0E5E-4682-B828-69E2978878F7}.Debug|Any CPU.ActiveCfg = Debug|Any CPU
		{269795CA-0E5E-4682-B828-69E2978878F7}.Debug|Any CPU.Build.0 = Debug|Any CPU
		{269795CA-0E5E-4682-B828-69E2978878F7}.Release|Any CPU.ActiveCfg = Release|Any CPU
		{269795CA-0E5E-4682-B828-69E2978878F7}.Release|Any CPU.Build.0 = Release|Any CPU
		{94F59250-CC59-4D15-B918-782A40C466D7}.Debug|Any CPU.ActiveCfg = Debug|Any CPU
		{94F59250-CC59-4D15-B918-782A40C466D7}.Debug|Any CPU.Build.0 = Debug|Any CPU
		{94F59250-CC59-4D15-B918-782A40C466D7}.Release|Any CPU.ActiveCfg = Release|Any CPU
		{94F59250-CC59-4D15-B918-782A40C466D7}.Release|Any CPU.Build.0 = Release|Any CPU
		{CC135267-6673-4BDD-88DB-5F43DD9EB76A}.Debug|Any CPU.ActiveCfg = Debug|Any CPU
		{CC135267-6673-4BDD-88DB-5F43DD9EB76A}.Debug|Any CPU.Build.0 = Debug|Any CPU
		{CC135267-6673-4BDD-88DB-5F43DD9EB76A}.Release|Any CPU.ActiveCfg = Release|Any CPU
		{CC135267-6673-4BDD-88DB-5F43DD9EB76A}.Release|Any CPU.Build.0 = Release|Any CPU
		{B03E6502-FD8E-4C70-A101-A2C42E2219A7}.Debug|Any CPU.ActiveCfg = Debug|Any CPU
		{B03E6502-FD8E-4C70-A101-A2C42E2219A7}.Debug|Any CPU.Build.0 = Debug|Any CPU
		{B03E6502-FD8E-4C70-A101-A2C42E2219A7}.Release|Any CPU.ActiveCfg = Release|Any CPU
		{B03E6502-FD8E-4C70-A101-A2C42E2219A7}.Release|Any CPU.Build.0 = Release|Any CPU
	EndGlobalSection
	GlobalSection(SolutionProperties) = preSolution
		HideSolutionNode = FALSE
	EndGlobalSection
	GlobalSection(ExtensibilityGlobals) = postSolution
		SolutionGuid = {1A3AD515-899D-4752-8221-10BE348D0C85}
	EndGlobalSection
EndGlobal
